
Microsoft Visual Studio Solution File, Format Version 12.00
# Visual Studio Version 17
VisualStudioVersion = 17.4.33213.308
MinimumVisualStudioVersion = 10.0.40219.1
Project("{9A19103F-16F7-4668-BE54-9A1E7A4F7556}") = "PeriodicAction.NET", "PeriodicAction.NET\PeriodicAction.NET.csproj", "{E104AD71-22F4-4A8D-9E6C-5D08BF748B0F}"
EndProject
Project("{FAE04EC0-301F-11D3-BF4B-00C04F79EFBC}") = "Test", "Test\Test.csproj", "{AEB7C076-57AE-4015-84E0-473B1C60578B}"
EndProject
Global
	GlobalSection(SolutionConfigurationPlatforms) = preSolution
		Debug|Any CPU = Debug|Any CPU
		Release|Any CPU = Release|Any CPU
	EndGlobalSection
	GlobalSection(ProjectConfigurationPlatforms) = postSolution
		{E104AD71-22F4-4A8D-9E6C-5D08BF748B0F}.Debug|Any CPU.ActiveCfg = Debug|Any CPU
		{E104AD71-22F4-4A8D-9E6C-5D08BF748B0F}.Debug|Any CPU.Build.0 = Debug|Any CPU
		{E104AD71-22F4-4A8D-9E6C-5D08BF748B0F}.Release|Any CPU.ActiveCfg = Release|Any CPU
		{E104AD71-22F4-4A8D-9E6C-5D08BF748B0F}.Release|Any CPU.Build.0 = Release|Any CPU
		{AEB7C076-57AE-4015-84E0-473B1C60578B}.Debug|Any CPU.ActiveCfg = Debug|Any CPU
		{AEB7C076-57AE-4015-84E0-473B1C60578B}.Debug|Any CPU.Build.0 = Debug|Any CPU
		{AEB7C076-57AE-4015-84E0-473B1C60578B}.Release|Any CPU.ActiveCfg = Release|Any CPU
		{AEB7C076-57AE-4015-84E0-473B1C60578B}.Release|Any CPU.Build.0 = Release|Any CPU
	EndGlobalSection
	GlobalSection(SolutionProperties) = preSolution
		HideSolutionNode = FALSE
	EndGlobalSection
	GlobalSection(ExtensibilityGlobals) = postSolution
		SolutionGuid = {EC07B728-5C07-433C-BCF3-CEC7C6CDFBC0}
	EndGlobalSection
EndGlobal
